
Microsoft Visual Studio Solution File, Format Version 12.00
# Visual Studio Version 16
VisualStudioVersion = 16.0.32228.343
MinimumVisualStudioVersion = 10.0.40219.1
Project("{FAE04EC0-301F-11D3-BF4B-00C04F79EFBC}") = "RadioButtonKontrol", "RadioButtonKontrol\RadioButtonKontrol.csproj", "{74060103-D0F8-4D78-956B-5FA061D87F22}"
EndProject
Global
	GlobalSection(SolutionConfigurationPlatforms) = preSolution
		Debug|Any CPU = Debug|Any CPU
		Release|Any CPU = Release|Any CPU
	EndGlobalSection
	GlobalSection(ProjectConfigurationPlatforms) = postSolution
		{74060103-D0F8-4D78-956B-5FA061D87F22}.Debug|Any CPU.ActiveCfg = Debug|Any CPU
		{74060103-D0F8-4D78-956B-5FA061D87F22}.Debug|Any CPU.Build.0 = Debug|Any CPU
		{74060103-D0F8-4D78-956B-5FA061D87F22}.Release|Any CPU.ActiveCfg = Release|Any CPU
		{74060103-D0F8-4D78-956B-5FA061D87F22}.Release|Any CPU.Build.0 = Release|Any CPU
	EndGlobalSection
	GlobalSection(SolutionProperties) = preSolution
		HideSolutionNode = FALSE
	EndGlobalSection
	GlobalSection(ExtensibilityGlobals) = postSolution
		SolutionGuid = {F74B9809-0A39-4596-9EC8-9B0F3439E846}
	EndGlobalSection
EndGlobal
